{
  "originHash" : "1859d18e8c98cafbe03ca24b68cd99d95de72f1062d6766a94253e83b595bbb2",
  "pins" : [
    {
      "identity" : "needletail-algorithms",
      "kind" : "remoteSourceControl",
      "location" : "https://github.com/needle-tail/needletail-algorithms.git",
      "state" : {
        "revision" : "eeeb1b5cc0bc18267dc29300c96a7862d4fa993f",
        "version" : "1.0.9"
      }
    },
    {
      "identity" : "needletail-logger",
      "kind" : "remoteSourceControl",
      "location" : "https://github.com/needle-tail/needletail-logger.git",
      "state" : {
        "revision" : "92e8278ca16e96db2bcfd9cb1dc186980f2ea680",
        "version" : "1.0.4"
      }
    },
    {
      "identity" : "swift-algorithms",
      "kind" : "remoteSourceControl",
      "location" : "https://github.com/apple/swift-algorithms.git",
      "state" : {
        "revision" : "f6919dfc309e7f1b56224378b11e28bab5bccc42",
        "version" : "1.2.0"
      }
    },
    {
      "identity" : "swift-async-algorithms",
      "kind" : "remoteSourceControl",
      "location" : "https://github.com/apple/swift-async-algorithms.git",
      "state" : {
        "revision" : "5c8bd186f48c16af0775972700626f0b74588278",
        "version" : "1.0.2"
      }
    },
    {
      "identity" : "swift-atomics",
      "kind" : "remoteSourceControl",
      "location" : "https://github.com/apple/swift-atomics.git",
      "state" : {
        "revision" : "cd142fd2f64be2100422d658e7411e39489da985",
        "version" : "1.2.0"
      }
    },
    {
      "identity" : "swift-collections",
      "kind" : "remoteSourceControl",
      "location" : "https://github.com/apple/swift-collections.git",
      "state" : {
        "revision" : "671108c96644956dddcd89dd59c203dcdb36cec7",
        "version" : "1.1.4"
      }
    },
    {
      "identity" : "swift-log",
      "kind" : "remoteSourceControl",
      "location" : "https://github.com/apple/swift-log.git",
      "state" : {
        "revision" : "9cb486020ebf03bfa5b5df985387a14a98744537",
        "version" : "1.6.1"
      }
    },
    {
      "identity" : "swift-numerics",
      "kind" : "remoteSourceControl",
      "location" : "https://github.com/apple/swift-numerics.git",
      "state" : {
        "revision" : "0a5bc04095a675662cf24757cc0640aa2204253b",
        "version" : "1.0.2"
      }
    },
    {
      "identity" : "swift-service-lifecycle",
      "kind" : "remoteSourceControl",
      "location" : "https://github.com/swift-server/swift-service-lifecycle.git",
      "state" : {
        "revision" : "d673fdc912f09ad83f34dd00ef823d2d80fbd3a7",
        "version" : "2.3.0"
      }
    }
  ],
  "version" : 3
}
